{
  "name": "@sovpro/davrc",
  "version": "1.0.0-beta.0",
  "lockfileVersion": 1,
  "requires": true,
  "dependencies": {
    "@sovpro/delimited-stream": {
      "version": "1.1.0",
      "resolved": "https://registry.npmjs.org/@sovpro/delimited-stream/-/delimited-stream-1.1.0.tgz",
      "integrity": "sha512-kQpk267uxB19X3X2T1mvNMjyvIEonpNSHrMlK5ZaBU6aZxw7wPbpgKJOjHN3+/GPVpXgAV9soVT2oyHpLkLtyw=="
    },
    "@sovpro/gazillionth-queue": {
      "version": "1.3.0",
      "resolved": "https://registry.npmjs.org/@sovpro/gazillionth-queue/-/gazillionth-queue-1.3.0.tgz",
      "integrity": "sha512-X0KeVwGoaWIxMSkgj8U7+UzEz5Nqj0OWJbjAWmGGDPCq+dc0p6qFasuX4c+BhjIscE9Zm2DHn4KFrr7/MKAf1Q=="
    },
    "@sovpro/ocafe": {
      "version": "1.0.5",
      "resolved": "https://registry.npmjs.org/@sovpro/ocafe/-/ocafe-1.0.5.tgz",
      "integrity": "sha512-AGNryj6NBszP7YGY7TQvVX20RCTcfQJCqBrBiosFJG5CcLHe4oPeSHRmEUOXcRXCkn6zocN0lUD8ij52ae6QbA=="
    },
    "@sovpro/promise-connect": {
      "version": "1.1.1",
      "resolved": "https://registry.npmjs.org/@sovpro/promise-connect/-/promise-connect-1.1.1.tgz",
      "integrity": "sha512-KrzP7EhoaG9DfD87/zA+DKwCUmEM3UcrQraX5a+Bz/fEyGZeyvUxR5snLstNB/ZKdaDRUPuUJZGKkrhZrwEGWw==",
      "requires": {
        "@sovpro/ocafe": "^1.0.2"
      }
    },
    "@sovpro/zclopts": {
      "version": "1.0.0-beta.3",
      "resolved": "https://registry.npmjs.org/@sovpro/zclopts/-/zclopts-1.0.0-beta.3.tgz",
      "integrity": "sha512-73BIk34EA91T77TLacJbPQEXVhNEJ67OgLoXRUG20sFVsw2/LtuSbx12RgAWTZgkpRczgTjGWsy7AzWtHy+nNw=="
    },
    "@types/node": {
      "version": "13.11.1",
      "resolved": "https://registry.npmjs.org/@types/node/-/node-13.11.1.tgz",
      "integrity": "sha512-eWQGP3qtxwL8FGneRrC5DwrJLGN4/dH1clNTuLfN81HCrxVtxRjygDTUoZJ5ASlDEeo0ppYFQjQIlXhtXpOn6g==",
      "dev": true
    }
  }
}
